// !$*UTF8*$!
{
	archiveVersion = 1;
	classes = {
	};
	objectVersion = 56;
	objects = {

/* Begin PBXBuildFile section */
		99D2BCDE292E34D100C5565A /* AppDelegate.swift in Sources */ = {isa = PBXBuildFile; fileRef = 99D2BCDD292E34D100C5565A /* AppDelegate.swift */; };
		99D2BCE0292E34D100C5565A /* SceneDelegate.swift in Sources */ = {isa = PBXBuildFile; fileRef = 99D2BCDF292E34D100C5565A /* SceneDelegate.swift */; };
		99D2BCE2292E34D100C5565A /* ViewController.swift in Sources */ = {isa = PBXBuildFile; fileRef = 99D2BCE1292E34D100C5565A /* ViewController.swift */; };
		99D2BCE5292E34D100C5565A /* Main.storyboard in Resources */ = {isa = PBXBuildFile; fileRef = 99D2BCE3292E34D100C5565A /* Main.storyboard */; };
		99D2BCE8292E34D200C5565A /* movies.xcdatamodeld in Sources */ = {isa = PBXBuildFile; fileRef = 99D2BCE6292E34D100C5565A /* movies.xcdatamodeld */; };
		99D2BCEA292E34D200C5565A /* Assets.xcassets in Resources */ = {isa = PBXBuildFile; fileRef = 99D2BCE9292E34D200C5565A /* Assets.xcassets */; };
		99D2BCED292E34D200C5565A /* LaunchScreen.storyboard in Resources */ = {isa = PBXBuildFile; fileRef = 99D2BCEB292E34D200C5565A /* LaunchScreen.storyboard */; };
		99D2BCF8292E34D200C5565A /* moviesTests.swift in Sources */ = {isa = PBXBuildFile; fileRef = 99D2BCF7292E34D200C5565A /* moviesTests.swift */; };
		99D2BD02292E34D200C5565A /* moviesUITests.swift in Sources */ = {isa = PBXBuildFile; fileRef = 99D2BD01292E34D200C5565A /* moviesUITests.swift */; };
		99D2BD04292E34D200C5565A /* moviesUITestsLaunchTests.swift in Sources */ = {isa = PBXBuildFile; fileRef = 99D2BD03292E34D200C5565A /* moviesUITestsLaunchTests.swift */; };
/* End PBXBuildFile section */

/* Begin PBXContainerItemProxy section */
		99D2BCF4292E34D200C5565A /* PBXContainerItemProxy */ = {
			isa = PBXContainerItemProxy;
			containerPortal = 99D2BCD2292E34D100C5565A /* Project object */;
			proxyType = 1;
			remoteGlobalIDString = 99D2BCD9292E34D100C5565A;
			remoteInfo = movies;
		};
		99D2BCFE292E34D200C5565A /* PBXContainerItemProxy */ = {
			isa = PBXContainerItemProxy;
			containerPortal = 99D2BCD2292E34D100C5565A /* Project object */;
			proxyType = 1;
			remoteGlobalIDString = 99D2BCD9292E34D100C5565A;
			remoteInfo = movies;
		};
/* End PBXContainerItemProxy section */

/* Begin PBXFileReference section */
		99D2BCDA292E34D100C5565A /* movies.app */ = {isa = PBXFileReference; explicitFileType = wrapper.application; includeInIndex = 0; path = movies.app; sourceTree = BUILT_PRODUCTS_DIR; };
		99D2BCDD292E34D100C5565A /* AppDelegate.swift */ = {isa = PBXFileReference; lastKnownFileType = sourcecode.swift; path = AppDelegate.swift; sourceTree = "<group>"; };
		99D2BCDF292E34D100C5565A /* SceneDelegate.swift */ = {isa = PBXFileReference; lastKnownFileType = sourcecode.swift; path = SceneDelegate.swift; sourceTree = "<group>"; };
		99D2BCE1292E34D100C5565A /* ViewController.swift */ = {isa = PBXFileReference; lastKnownFileType = sourcecode.swift; path = ViewController.swift; sourceTree = "<group>"; };
		99D2BCE4292E34D100C5565A /* Base */ = {isa = PBXFileReference; lastKnownFileType = file.storyboard; name = Base; path = Base.lproj/Main.storyboard; sourceTree = "<group>"; };
		99D2BCE7292E34D100C5565A /* movies.xcdatamodel */ = {isa = PBXFileReference; lastKnownFileType = wrapper.xcdatamodel; path = movies.xcdatamodel; sourceTree = "<group>"; };
		99D2BCE9292E34D200C5565A /* Assets.xcassets */ = {isa = PBXFileReference; lastKnownFileType = folder.assetcatalog; path = Assets.xcassets; sourceTree = "<group>"; };
		99D2BCEC292E34D200C5565A /* Base */ = {isa = PBXFileReference; lastKnownFileType = file.storyboard; name = Base; path = Base.lproj/LaunchScreen.storyboard; sourceTree = "<group>"; };
		99D2BCEE292E34D200C5565A /* Info.plist */ = {isa = PBXFileReference; lastKnownFileType = text.plist.xml; path = Info.plist; sourceTree = "<group>"; };
		99D2BCF3292E34D200C5565A /* moviesTests.xctest */ = {isa = PBXFileReference; explicitFileType = wrapper.cfbundle; includeInIndex = 0; path = moviesTests.xctest; sourceTree = BUILT_PRODUCTS_DIR; };
		99D2BCF7292E34D200C5565A /* moviesTests.swift */ = {isa = PBXFileReference; lastKnownFileType = sourcecode.swift; path = moviesTests.swift; sourceTree = "<group>"; };
		99D2BCFD292E34D200C5565A /* moviesUITests.xctest */ = {isa = PBXFileReference; explicitFileType = wrapper.cfbundle; includeInIndex = 0; path = moviesUITests.xctest; sourceTree = BUILT_PRODUCTS_DIR; };
		99D2BD01292E34D200C5565A /* moviesUITests.swift */ = {isa = PBXFileReference; lastKnownFileType = sourcecode.swift; path = moviesUITests.swift; sourceTree = "<group>"; };
		99D2BD03292E34D200C5565A /* moviesUITestsLaunchTests.swift */ = {isa = PBXFileReference; lastKnownFileType = sourcecode.swift; path = moviesUITestsLaunchTests.swift; sourceTree = "<group>"; };
/* End PBXFileReference section */

/* Begin PBXFrameworksBuildPhase section */
		99D2BCD7292E34D100C5565A /* Frameworks */ = {
			isa = PBXFrameworksBuildPhase;
			buildActionMask = 2147483647;
			files = (
			);
			runOnlyForDeploymentPostprocessing = 0;
		};
		99D2BCF0292E34D200C5565A /* Frameworks */ = {
			isa = PBXFrameworksBuildPhase;
			buildActionMask = 2147483647;
			files = (
			);
			runOnlyForDeploymentPostprocessing = 0;
		};
		99D2BCFA292E34D200C5565A /* Frameworks */ = {
			isa = PBXFrameworksBuildPhase;
			buildActionMask = 2147483647;
			files = (
			);
			runOnlyForDeploymentPostprocessing = 0;
		};
/* End PBXFrameworksBuildPhase section */

/* Begin PBXGroup section */
		99D2BCD1292E34D100C5565A = {
			isa = PBXGroup;
			children = (
				99D2BCDC292E34D100C5565A /* movies */,
				99D2BCF6292E34D200C5565A /* moviesTests */,
				99D2BD00292E34D200C5565A /* moviesUITests */,
				99D2BCDB292E34D100C5565A /* Products */,
			);
			sourceTree = "<group>";
		};
		99D2BCDB292E34D100C5565A /* Products */ = {
			isa = PBXGroup;
			children = (
				99D2BCDA292E34D100C5565A /* movies.app */,
				99D2BCF3292E34D200C5565A /* moviesTests.xctest */,
				99D2BCFD292E34D200C5565A /* moviesUITests.xctest */,
			);
			name = Products;
			sourceTree = "<group>";
		};
		99D2BCDC292E34D100C5565A /* movies */ = {
			isa = PBXGroup;
			children = (
				99D2BCDD292E34D100C5565A /* AppDelegate.swift */,
				99D2BCDF292E34D100C5565A /* SceneDelegate.swift */,
				99D2BCE1292E34D100C5565A /* ViewController.swift */,
				99D2BCE3292E34D100C5565A /* Main.storyboard */,
				99D2BCE9292E34D200C5565A /* Assets.xcassets */,
				99D2BCEB292E34D200C5565A /* LaunchScreen.storyboard */,
				99D2BCEE292E34D200C5565A /* Info.plist */,
				99D2BCE6292E34D100C5565A /* movies.xcdatamodeld */,
			);
			path = movies;
			sourceTree = "<group>";
		};
		99D2BCF6292E34D200C5565A /* moviesTests */ = {
			isa = PBXGroup;
			children = (
				99D2BCF7292E34D200C5565A /* moviesTests.swift */,
			);
			path = moviesTests;
			sourceTree = "<group>";
		};
		99D2BD00292E34D200C5565A /* moviesUITests */ = {
			isa = PBXGroup;
			children = (
				99D2BD01292E34D200C5565A /* moviesUITests.swift */,
				99D2BD03292E34D200C5565A /* moviesUITestsLaunchTests.swift */,
			);
			path = moviesUITests;
			sourceTree = "<group>";
		};
/* End PBXGroup section */

/* Begin PBXNativeTarget section */
		99D2BCD9292E34D100C5565A /* movies */ = {
			isa = PBXNativeTarget;
			buildConfigurationList = 99D2BD07292E34D200C5565A /* Build configuration list for PBXNativeTarget "movies" */;
			buildPhases = (
				99D2BCD6292E34D100C5565A /* Sources */,
				99D2BCD7292E34D100C5565A /* Frameworks */,
				99D2BCD8292E34D100C5565A /* Resources */,
			);
			buildRules = (
			);
			dependencies = (
			);
			name = movies;
			productName = movies;
			productReference = 99D2BCDA292E34D100C5565A /* movies.app */;
			productType = "com.apple.product-type.application";
		};
		99D2BCF2292E34D200C5565A /* moviesTests */ = {
			isa = PBXNativeTarget;
			buildConfigurationList = 99D2BD0A292E34D200C5565A /* Build configuration list for PBXNativeTarget "moviesTests" */;
			buildPhases = (
				99D2BCEF292E34D200C5565A /* Sources */,
				99D2BCF0292E34D200C5565A /* Frameworks */,
				99D2BCF1292E34D200C5565A /* Resources */,
			);
			buildRules = (
			);
			dependencies = (
				99D2BCF5292E34D200C5565A /* PBXTargetDependency */,
			);
			name = moviesTests;
			productName = moviesTests;
			productReference = 99D2BCF3292E34D200C5565A /* moviesTests.xctest */;
			productType = "com.apple.product-type.bundle.unit-test";
		};
		99D2BCFC292E34D200C5565A /* moviesUITests */ = {
			isa = PBXNativeTarget;
			buildConfigurationList = 99D2BD0D292E34D200C5565A /* Build configuration list for PBXNativeTarget "moviesUITests" */;
			buildPhases = (
				99D2BCF9292E34D200C5565A /* Sources */,
				99D2BCFA292E34D200C5565A /* Frameworks */,
				99D2BCFB292E34D200C5565A /* Resources */,
			);
			buildRules = (
			);
			dependencies = (
				99D2BCFF292E34D200C5565A /* PBXTargetDependency */,
			);
			name = moviesUITests;
			productName = moviesUITests;
			productReference = 99D2BCFD292E34D200C5565A /* moviesUITests.xctest */;
			productType = "com.apple.product-type.bundle.ui-testing";
		};
/* End PBXNativeTarget section */

/* Begin PBXProject section */
		99D2BCD2292E34D100C5565A /* Project object */ = {
			isa = PBXProject;
			attributes = {
				BuildIndependentTargetsInParallel = 1;
				LastSwiftUpdateCheck = 1410;
				LastUpgradeCheck = 1410;
				TargetAttributes = {
					99D2BCD9292E34D100C5565A = {
						CreatedOnToolsVersion = 14.1;
					};
					99D2BCF2292E34D200C5565A = {
						CreatedOnToolsVersion = 14.1;
						TestTargetID = 99D2BCD9292E34D100C5565A;
					};
					99D2BCFC292E34D200C5565A = {
						CreatedOnToolsVersion = 14.1;
						TestTargetID = 99D2BCD9292E34D100C5565A;
					};
				};
			};
			buildConfigurationList = 99D2BCD5292E34D100C5565A /* Build configuration list for PBXProject "movies" */;
			compatibilityVersion = "Xcode 14.0";
			developmentRegion = en;
			hasScannedForEncodings = 0;
			knownRegions = (
				en,
				Base,
			);
			mainGroup = 99D2BCD1292E34D100C5565A;
			productRefGroup = 99D2BCDB292E34D100C5565A /* Products */;
			projectDirPath = "";
			projectRoot = "";
			targets = (
				99D2BCD9292E34D100C5565A /* movies */,
				99D2BCF2292E34D200C5565A /* moviesTests */,
				99D2BCFC292E34D200C5565A /* moviesUITests */,
			);
		};
/* End PBXProject section */

/* Begin PBXResourcesBuildPhase section */
		99D2BCD8292E34D100C5565A /* Resources */ = {
			isa = PBXResourcesBuildPhase;
			buildActionMask = 2147483647;
			files = (
				99D2BCED292E34D200C5565A /* LaunchScreen.storyboard in Resources */,
				99D2BCEA292E34D200C5565A /* Assets.xcassets in Resources */,
				99D2BCE5292E34D100C5565A /* Main.storyboard in Resources */,
			);
			runOnlyForDeploymentPostprocessing = 0;
		};
		99D2BCF1292E34D200C5565A /* Resources */ = {
			isa = PBXResourcesBuildPhase;
			buildActionMask = 2147483647;
			files = (
			);
			runOnlyForDeploymentPostprocessing = 0;
		};
		99D2BCFB292E34D200C5565A /* Resources */ = {
			isa = PBXResourcesBuildPhase;
			buildActionMask = 2147483647;
			files = (
			);
			runOnlyForDeploymentPostprocessing = 0;
		};
/* End PBXResourcesBuildPhase section */

/* Begin PBXSourcesBuildPhase section */
		99D2BCD6292E34D100C5565A /* Sources */ = {
			isa = PBXSourcesBuildPhase;
			buildActionMask = 2147483647;
			files = (
				99D2BCE2292E34D100C5565A /* ViewController.swift in Sources */,
				99D2BCDE292E34D100C5565A /* AppDelegate.swift in Sources */,
				99D2BCE8292E34D200C5565A /* movies.xcdatamodeld in Sources */,
				99D2BCE0292E34D100C5565A /* SceneDelegate.swift in Sources */,
			);
			runOnlyForDeploymentPostprocessing = 0;
		};
		99D2BCEF292E34D200C5565A /* Sources */ = {
			isa = PBXSourcesBuildPhase;
			buildActionMask = 2147483647;
			files = (
				99D2BCF8292E34D200C5565A /* moviesTests.swift in Sources */,
			);
			runOnlyForDeploymentPostprocessing = 0;
		};
		99D2BCF9292E34D200C5565A /* Sources */ = {
			isa = PBXSourcesBuildPhase;
			buildActionMask = 2147483647;
			files = (
				99D2BD02292E34D200C5565A /* moviesUITests.swift in Sources */,
				99D2BD04292E34D200C5565A /* moviesUITestsLaunchTests.swift in Sources */,
			);
			runOnlyForDeploymentPostprocessing = 0;
		};
/* End PBXSourcesBuildPhase section */

/* Begin PBXTargetDependency section */
		99D2BCF5292E34D200C5565A /* PBXTargetDependency */ = {
			isa = PBXTargetDependency;
			target = 99D2BCD9292E34D100C5565A /* movies */;
			targetProxy = 99D2BCF4292E34D200C5565A /* PBXContainerItemProxy */;
		};
		99D2BCFF292E34D200C5565A /* PBXTargetDependency */ = {
			isa = PBXTargetDependency;
			target = 99D2BCD9292E34D100C5565A /* movies */;
			targetProxy = 99D2BCFE292E34D200C5565A /* PBXContainerItemProxy */;
		};
/* End PBXTargetDependency section */

/* Begin PBXVariantGroup section */
		99D2BCE3292E34D100C5565A /* Main.storyboard */ = {
			isa = PBXVariantGroup;
			children = (
				99D2BCE4292E34D100C5565A /* Base */,
			);
			name = Main.storyboard;
			sourceTree = "<group>";
		};
		99D2BCEB292E34D200C5565A /* LaunchScreen.storyboard */ = {
			isa = PBXVariantGroup;
			children = (
				99D2BCEC292E34D200C5565A /* Base */,
			);
			name = LaunchScreen.storyboard;
			sourceTree = "<group>";
		};
/* End PBXVariantGroup section */

/* Begin XCBuildConfiguration section */
		99D2BD05292E34D200C5565A /* Debug */ = {
			isa = XCBuildConfiguration;
			buildSettings = {
				ALWAYS_SEARCH_USER_PATHS = NO;
				CLANG_ANALYZER_NONNULL = YES;
				CLANG_ANALYZER_NUMBER_OBJECT_CONVERSION = YES_AGGRESSIVE;
				CLANG_CXX_LANGUAGE_STANDARD = "gnu++20";
				CLANG_ENABLE_MODULES = YES;
				CLANG_ENABLE_OBJC_ARC = YES;
				CLANG_ENABLE_OBJC_WEAK = YES;
				CLANG_WARN_BLOCK_CAPTURE_AUTORELEASING = YES;
				CLANG_WARN_BOOL_CONVERSION = YES;
				CLANG_WARN_COMMA = YES;
				CLANG_WARN_CONSTANT_CONVERSION = YES;
				CLANG_WARN_DEPRECATED_OBJC_IMPLEMENTATIONS = YES;
				CLANG_WARN_DIRECT_OBJC_ISA_USAGE = YES_ERROR;
				CLANG_WARN_DOCUMENTATION_COMMENTS = YES;
				CLANG_WARN_EMPTY_BODY = YES;
				CLANG_WARN_ENUM_CONVERSION = YES;
				CLANG_WARN_INFINITE_RECURSION = YES;
				CLANG_WARN_INT_CONVERSION = YES;
				CLANG_WARN_NON_LITERAL_NULL_CONVERSION = YES;
				CLANG_WARN_OBJC_IMPLICIT_RETAIN_SELF = YES;
				CLANG_WARN_OBJC_LITERAL_CONVERSION = YES;
				CLANG_WARN_OBJC_ROOT_CLASS = YES_ERROR;
				CLANG_WARN_QUOTED_INCLUDE_IN_FRAMEWORK_HEADER = YES;
				CLANG_WARN_RANGE_LOOP_ANALYSIS = YES;
				CLANG_WARN_STRICT_PROTOTYPES = YES;
				CLANG_WARN_SUSPICIOUS_MOVE = YES;
				CLANG_WARN_UNGUARDED_AVAILABILITY = YES_AGGRESSIVE;
				CLANG_WARN_UNREACHABLE_CODE = YES;
				CLANG_WARN__DUPLICATE_METHOD_MATCH = YES;
				COPY_PHASE_STRIP = NO;
				DEBUG_INFORMATION_FORMAT = dwarf;
				ENABLE_STRICT_OBJC_MSGSEND = YES;
				ENABLE_TESTABILITY = YES;
				GCC_C_LANGUAGE_STANDARD = gnu11;
				GCC_DYNAMIC_NO_PIC = NO;
				GCC_NO_COMMON_BLOCKS = YES;
				GCC_OPTIMIZATION_LEVEL = 0;
				GCC_PREPROCESSOR_DEFINITIONS = (
					"DEBUG=1",
					"$(inherited)",
				);
				GCC_WARN_64_TO_32_BIT_CONVERSION = YES;
				GCC_WARN_ABOUT_RETURN_TYPE = YES_ERROR;
				GCC_WARN_UNDECLARED_SELECTOR = YES;
				GCC_WARN_UNINITIALIZED_AUTOS = YES_AGGRESSIVE;
				GCC_WARN_UNUSED_FUNCTION = YES;
				GCC_WARN_UNUSED_VARIABLE = YES;
				IPHONEOS_DEPLOYMENT_TARGET = 16.1;
				MTL_ENABLE_DEBUG_INFO = INCLUDE_SOURCE;
				MTL_FAST_MATH = YES;
				ONLY_ACTIVE_ARCH = YES;
				SDKROOT = iphoneos;
				SWIFT_ACTIVE_COMPILATION_CONDITIONS = DEBUG;
				SWIFT_OPTIMIZATION_LEVEL = "-Onone";
			};
			name = Debug;
		};
		99D2BD06292E34D200C5565A /* Release */ = {
			isa = XCBuildConfiguration;
			buildSettings = {
				ALWAYS_SEARCH_USER_PATHS = NO;
				CLANG_ANALYZER_NONNULL = YES;
				CLANG_ANALYZER_NUMBER_OBJECT_CONVERSION = YES_AGGRESSIVE;
				CLANG_CXX_LANGUAGE_STANDARD = "gnu++20";
				CLANG_ENABLE_MODULES = YES;
				CLANG_ENABLE_OBJC_ARC = YES;
				CLANG_ENABLE_OBJC_WEAK = YES;
				CLANG_WARN_BLOCK_CAPTURE_AUTORELEASING = YES;
				CLANG_WARN_BOOL_CONVERSION = YES;
				CLANG_WARN_COMMA = YES;
				CLANG_WARN_CONSTANT_CONVERSION = YES;
				CLANG_WARN_DEPRECATED_OBJC_IMPLEMENTATIONS = YES;
				CLANG_WARN_DIRECT_OBJC_ISA_USAGE = YES_ERROR;
				CLANG_WARN_DOCUMENTATION_COMMENTS = YES;
				CLANG_WARN_EMPTY_BODY = YES;
				CLANG_WARN_ENUM_CONVERSION = YES;
				CLANG_WARN_INFINITE_RECURSION = YES;
				CLANG_WARN_INT_CONVERSION = YES;
				CLANG_WARN_NON_LITERAL_NULL_CONVERSION = YES;
				CLANG_WARN_OBJC_IMPLICIT_RETAIN_SELF = YES;
				CLANG_WARN_OBJC_LITERAL_CONVERSION = YES;
				CLANG_WARN_OBJC_ROOT_CLASS = YES_ERROR;
				CLANG_WARN_QUOTED_INCLUDE_IN_FRAMEWORK_HEADER = YES;
				CLANG_WARN_RANGE_LOOP_ANALYSIS = YES;
				CLANG_WARN_STRICT_PROTOTYPES = YES;
				CLANG_WARN_SUSPICIOUS_MOVE = YES;
				CLANG_WARN_UNGUARDED_AVAILABILITY = YES_AGGRESSIVE;
				CLANG_WARN_UNREACHABLE_CODE = YES;
				CLANG_WARN__DUPLICATE_METHOD_MATCH = YES;
				COPY_PHASE_STRIP = NO;
				DEBUG_INFORMATION_FORMAT = "dwarf-with-dsym";
				ENABLE_NS_ASSERTIONS = NO;
				ENABLE_STRICT_OBJC_MSGSEND = YES;
				GCC_C_LANGUAGE_STANDARD = gnu11;
				GCC_NO_COMMON_BLOCKS = YES;
				GCC_WARN_64_TO_32_BIT_CONVERSION = YES;
				GCC_WARN_ABOUT_RETURN_TYPE = YES_ERROR;
				GCC_WARN_UNDECLARED_SELECTOR = YES;
				GCC_WARN_UNINITIALIZED_AUTOS = YES_AGGRESSIVE;
				GCC_WARN_UNUSED_FUNCTION = YES;
				GCC_WARN_UNUSED_VARIABLE = YES;
				IPHONEOS_DEPLOYMENT_TARGET = 16.1;
				MTL_ENABLE_DEBUG_INFO = NO;
				MTL_FAST_MATH = YES;
				SDKROOT = iphoneos;
				SWIFT_COMPILATION_MODE = wholemodule;
				SWIFT_OPTIMIZATION_LEVEL = "-O";
				VALIDATE_PRODUCT = YES;
			};
			name = Release;
		};
		99D2BD08292E34D200C5565A /* Debug */ = {
			isa = XCBuildConfiguration;
			buildSettings = {
				ASSETCATALOG_COMPILER_APPICON_NAME = AppIcon;
				ASSETCATALOG_COMPILER_GLOBAL_ACCENT_COLOR_NAME = AccentColor;
				CODE_SIGN_STYLE = Automatic;
				CURRENT_PROJECT_VERSION = 1;
				GENERATE_INFOPLIST_FILE = YES;
				INFOPLIST_FILE = movies/Info.plist;
				INFOPLIST_KEY_UIApplicationSupportsIndirectInputEvents = YES;
				INFOPLIST_KEY_UILaunchStoryboardName = LaunchScreen;
				INFOPLIST_KEY_UIMainStoryboardFile = Main;
				INFOPLIST_KEY_UISupportedInterfaceOrientations_iPad = "UIInterfaceOrientationPortrait UIInterfaceOrientationPortraitUpsideDown UIInterfaceOrientationLandscapeLeft UIInterfaceOrientationLandscapeRight";
				INFOPLIST_KEY_UISupportedInterfaceOrientations_iPhone = "UIInterfaceOrientationPortrait UIInterfaceOrientationLandscapeLeft UIInterfaceOrientationLandscapeRight";
				LD_RUNPATH_SEARCH_PATHS = (
					"$(inherited)",
					"@executable_path/Frameworks",
				);
				MARKETING_VERSION = 1.0;
				PRODUCT_BUNDLE_IDENTIFIER = movies.movies;
				PRODUCT_NAME = "$(TARGET_NAME)";
				SWIFT_EMIT_LOC_STRINGS = YES;
				SWIFT_VERSION = 5.0;
				TARGETED_DEVICE_FAMILY = "1,2";
			};
			name = Debug;
		};
		99D2BD09292E34D200C5565A /* Release */ = {
			isa = XCBuildConfiguration;
			buildSettings = {
				ASSETCATALOG_COMPILER_APPICON_NAME = AppIcon;
				ASSETCATALOG_COMPILER_GLOBAL_ACCENT_COLOR_NAME = AccentColor;
				CODE_SIGN_STYLE = Automatic;
				CURRENT_PROJECT_VERSION = 1;
				GENERATE_INFOPLIST_FILE = YES;
				INFOPLIST_FILE = movies/Info.plist;
				INFOPLIST_KEY_UIApplicationSupportsIndirectInputEvents = YES;
				INFOPLIST_KEY_UILaunchStoryboardName = LaunchScreen;
				INFOPLIST_KEY_UIMainStoryboardFile = Main;
				INFOPLIST_KEY_UISupportedInterfaceOrientations_iPad = "UIInterfaceOrientationPortrait UIInterfaceOrientationPortraitUpsideDown UIInterfaceOrientationLandscapeLeft UIInterfaceOrientationLandscapeRight";
				INFOPLIST_KEY_UISupportedInterfaceOrientations_iPhone = "UIInterfaceOrientationPortrait UIInterfaceOrientationLandscapeLeft UIInterfaceOrientationLandscapeRight";
				LD_RUNPATH_SEARCH_PATHS = (
					"$(inherited)",
					"@executable_path/Frameworks",
				);
				MARKETING_VERSION = 1.0;
				PRODUCT_BUNDLE_IDENTIFIER = movies.movies;
				PRODUCT_NAME = "$(TARGET_NAME)";
				SWIFT_EMIT_LOC_STRINGS = YES;
				SWIFT_VERSION = 5.0;
				TARGETED_DEVICE_FAMILY = "1,2";
			};
			name = Release;
		};
		99D2BD0B292E34D200C5565A /* Debug */ = {
			isa = XCBuildConfiguration;
			buildSettings = {
				ALWAYS_EMBED_SWIFT_STANDARD_LIBRARIES = YES;
				BUNDLE_LOADER = "$(TEST_HOST)";
				CODE_SIGN_STYLE = Automatic;
				CURRENT_PROJECT_VERSION = 1;
				GENERATE_INFOPLIST_FILE = YES;
				IPHONEOS_DEPLOYMENT_TARGET = 16.1;
				MARKETING_VERSION = 1.0;
				PRODUCT_BUNDLE_IDENTIFIER = movies.moviesTests;
				PRODUCT_NAME = "$(TARGET_NAME)";
				SWIFT_EMIT_LOC_STRINGS = NO;
				SWIFT_VERSION = 5.0;
				TARGETED_DEVICE_FAMILY = "1,2";
				TEST_HOST = "$(BUILT_PRODUCTS_DIR)/movies.app/$(BUNDLE_EXECUTABLE_FOLDER_PATH)/movies";
			};
			name = Debug;
		};
		99D2BD0C292E34D200C5565A /* Release */ = {
			isa = XCBuildConfiguration;
			buildSettings = {
				ALWAYS_EMBED_SWIFT_STANDARD_LIBRARIES = YES;
				BUNDLE_LOADER = "$(TEST_HOST)";
				CODE_SIGN_STYLE = Automatic;
				CURRENT_PROJECT_VERSION = 1;
				GENERATE_INFOPLIST_FILE = YES;
				IPHONEOS_DEPLOYMENT_TARGET = 16.1;
				MARKETING_VERSION = 1.0;
				PRODUCT_BUNDLE_IDENTIFIER = movies.moviesTests;
				PRODUCT_NAME = "$(TARGET_NAME)";
				SWIFT_EMIT_LOC_STRINGS = NO;
				SWIFT_VERSION = 5.0;
				TARGETED_DEVICE_FAMILY = "1,2";
				TEST_HOST = "$(BUILT_PRODUCTS_DIR)/movies.app/$(BUNDLE_EXECUTABLE_FOLDER_PATH)/movies";
			};
			name = Release;
		};
		99D2BD0E292E34D200C5565A /* Debug */ = {
			isa = XCBuildConfiguration;
			buildSettings = {
				ALWAYS_EMBED_SWIFT_STANDARD_LIBRARIES = YES;
				CODE_SIGN_STYLE = Automatic;
				CURRENT_PROJECT_VERSION = 1;
				GENERATE_INFOPLIST_FILE = YES;
				MARKETING_VERSION = 1.0;
				PRODUCT_BUNDLE_IDENTIFIER = movies.moviesUITests;
				PRODUCT_NAME = "$(TARGET_NAME)";
				SWIFT_EMIT_LOC_STRINGS = NO;
				SWIFT_VERSION = 5.0;
				TARGETED_DEVICE_FAMILY = "1,2";
				TEST_TARGET_NAME = movies;
			};
			name = Debug;
		};
		99D2BD0F292E34D200C5565A /* Release */ = {
			isa = XCBuildConfiguration;
			buildSettings = {
				ALWAYS_EMBED_SWIFT_STANDARD_LIBRARIES = YES;
				CODE_SIGN_STYLE = Automatic;
				CURRENT_PROJECT_VERSION = 1;
				GENERATE_INFOPLIST_FILE = YES;
				MARKETING_VERSION = 1.0;
				PRODUCT_BUNDLE_IDENTIFIER = movies.moviesUITests;
				PRODUCT_NAME = "$(TARGET_NAME)";
				SWIFT_EMIT_LOC_STRINGS = NO;
				SWIFT_VERSION = 5.0;
				TARGETED_DEVICE_FAMILY = "1,2";
				TEST_TARGET_NAME = movies;
			};
			name = Release;
		};
/* End XCBuildConfiguration section */

/* Begin XCConfigurationList section */
		99D2BCD5292E34D100C5565A /* Build configuration list for PBXProject "movies" */ = {
			isa = XCConfigurationList;
			buildConfigurations = (
				99D2BD05292E34D200C5565A /* Debug */,
				99D2BD06292E34D200C5565A /* Release */,
			);
			defaultConfigurationIsVisible = 0;
			defaultConfigurationName = Release;
		};
		99D2BD07292E34D200C5565A /* Build configuration list for PBXNativeTarget "movies" */ = {
			isa = XCConfigurationList;
			buildConfigurations = (
				99D2BD08292E34D200C5565A /* Debug */,
				99D2BD09292E34D200C5565A /* Release */,
			);
			defaultConfigurationIsVisible = 0;
			defaultConfigurationName = Release;
		};
		99D2BD0A292E34D200C5565A /* Build configuration list for PBXNativeTarget "moviesTests" */ = {
			isa = XCConfigurationList;
			buildConfigurations = (
				99D2BD0B292E34D200C5565A /* Debug */,
				99D2BD0C292E34D200C5565A /* Release */,
			);
			defaultConfigurationIsVisible = 0;
			defaultConfigurationName = Release;
		};
		99D2BD0D292E34D200C5565A /* Build configuration list for PBXNativeTarget "moviesUITests" */ = {
			isa = XCConfigurationList;
			buildConfigurations = (
				99D2BD0E292E34D200C5565A /* Debug */,
				99D2BD0F292E34D200C5565A /* Release */,
			);
			defaultConfigurationIsVisible = 0;
			defaultConfigurationName = Release;
		};
/* End XCConfigurationList section */

/* Begin XCVersionGroup section */
		99D2BCE6292E34D100C5565A /* movies.xcdatamodeld */ = {
			isa = XCVersionGroup;
			children = (
				99D2BCE7292E34D100C5565A /* movies.xcdatamodel */,
			);
			currentVersion = 99D2BCE7292E34D100C5565A /* movies.xcdatamodel */;
			path = movies.xcdatamodeld;
			sourceTree = "<group>";
			versionGroupType = wrapper.xcdatamodel;
		};
/* End XCVersionGroup section */
	};
	rootObject = 99D2BCD2292E34D100C5565A /* Project object */;
}
